
Microsoft Visual Studio Solution File, Format Version 12.00
# Visual Studio 14
VisualStudioVersion = 14.0.24720.0
MinimumVisualStudioVersion = 10.0.40219.1
Project("{FAE04EC0-301F-11D3-BF4B-00C04F79EFBC}") = "Task 1", "Module 1\Task 1\Task 1.csproj", "{3C618603-17B2-4617-AC68-366211448240}"
EndProject
Project("{FAE04EC0-301F-11D3-BF4B-00C04F79EFBC}") = "Task 1 ConsoleUI", "Module 1\Task 1 ConsoleUI\Task 1 ConsoleUI.csproj", "{11E6EBA5-43A5-4764-A818-192AFA5E5BCC}"
EndProject
Project("{FAE04EC0-301F-11D3-BF4B-00C04F79EFBC}") = "Task 1 UnitTests", "Module 1\Task 1 UnitTests\Task 1 UnitTests.csproj", "{8EDF4429-251A-416D-BB68-93F227191BCF}"
EndProject
Project("{FAE04EC0-301F-11D3-BF4B-00C04F79EFBC}") = "M2 Task 1 ConsoleUI", "Module 2\M2 Task 1 ConsoleUI\M2 Task 1 ConsoleUI.csproj", "{AC6462AF-E738-43F0-B26F-946BBE4FD56E}"
EndProject
Project("{FAE04EC0-301F-11D3-BF4B-00C04F79EFBC}") = "M2 Task 2", "Module 2\M2 Task 2\M2 Task 2.csproj", "{26CFD551-0906-4459-91A6-9D82FE871A06}"
EndProject
Project("{FAE04EC0-301F-11D3-BF4B-00C04F79EFBC}") = "M2 Task 2 UnitTests", "Module 2\M2 Task 2 UnitTests\M2 Task 2 UnitTests.csproj", "{A4C1A906-2B15-47EE-9D21-F7C3E19FACEF}"
EndProject
Project("{FAE04EC0-301F-11D3-BF4B-00C04F79EFBC}") = "M3 Task 1", "Module 3\M3 Task\M3 Task 1.csproj", "{C770ED8F-6F5E-4DED-92C6-D5FE544DE764}"
EndProject
Project("{FAE04EC0-301F-11D3-BF4B-00C04F79EFBC}") = "M4 Console UI", "Module 4\M4 Console UI\M4 Console UI.csproj", "{AF338929-9164-4251-903E-B5B0707CD291}"
EndProject
Project("{FAE04EC0-301F-11D3-BF4B-00C04F79EFBC}") = "M5 Task 1", "Module 5\M5 Task 1\M5 Task 1.csproj", "{0FA4927D-36FA-4E38-9709-5573F8C6C810}"
EndProject
Project("{FAE04EC0-301F-11D3-BF4B-00C04F79EFBC}") = "M5 UnitTests", "Module 5\M5 UnitTests\M5 UnitTests.csproj", "{8802E08C-7AAA-4B5A-8AB1-F357B991A72F}"
EndProject
Project("{00D1A9C2-B5F0-4AF3-8072-F6C62B433612}") = "Northwind", "Module 6\Northwind\Northwind.sqlproj", "{68C1D10A-D307-4527-BD82-51E15861B340}"
EndProject
Project("{00D1A9C2-B5F0-4AF3-8072-F6C62B433612}") = "Northwind_v1.0", "Module 6\Northwind\Tasks\Task 3\Northwind_v1.0\Northwind_v1.0.sqlproj", "{85DA7A5C-DD8F-4E42-8CA9-9EDD6E241229}"
EndProject
Project("{00D1A9C2-B5F0-4AF3-8072-F6C62B433612}") = "Northwind_v1.1", "Module 6\Northwind\Tasks\Task 3\Northwind_v1.1\Northwind_v1.1.sqlproj", "{08EA2D24-A8C2-44F2-8117-95C912355BE4}"
EndProject
Project("{00D1A9C2-B5F0-4AF3-8072-F6C62B433612}") = "Northwind_v1.3", "Module 6\Northwind\Tasks\Task 3\Northwind_v1.3\Northwind_v1.3.sqlproj", "{35FCCEE6-472B-4DF1-A932-18A96D7B30DE}"
EndProject
Global
	GlobalSection(SolutionConfigurationPlatforms) = preSolution
		Debug|Any CPU = Debug|Any CPU
		Release|Any CPU = Release|Any CPU
	EndGlobalSection
	GlobalSection(ProjectConfigurationPlatforms) = postSolution
		{3C618603-17B2-4617-AC68-366211448240}.Debug|Any CPU.ActiveCfg = Debug|Any CPU
		{3C618603-17B2-4617-AC68-366211448240}.Debug|Any CPU.Build.0 = Debug|Any CPU
		{3C618603-17B2-4617-AC68-366211448240}.Release|Any CPU.ActiveCfg = Release|Any CPU
		{3C618603-17B2-4617-AC68-366211448240}.Release|Any CPU.Build.0 = Release|Any CPU
		{11E6EBA5-43A5-4764-A818-192AFA5E5BCC}.Debug|Any CPU.ActiveCfg = Debug|Any CPU
		{11E6EBA5-43A5-4764-A818-192AFA5E5BCC}.Debug|Any CPU.Build.0 = Debug|Any CPU
		{11E6EBA5-43A5-4764-A818-192AFA5E5BCC}.Release|Any CPU.ActiveCfg = Release|Any CPU
		{11E6EBA5-43A5-4764-A818-192AFA5E5BCC}.Release|Any CPU.Build.0 = Release|Any CPU
		{8EDF4429-251A-416D-BB68-93F227191BCF}.Debug|Any CPU.ActiveCfg = Debug|Any CPU
		{8EDF4429-251A-416D-BB68-93F227191BCF}.Debug|Any CPU.Build.0 = Debug|Any CPU
		{8EDF4429-251A-416D-BB68-93F227191BCF}.Release|Any CPU.ActiveCfg = Release|Any CPU
		{8EDF4429-251A-416D-BB68-93F227191BCF}.Release|Any CPU.Build.0 = Release|Any CPU
		{AC6462AF-E738-43F0-B26F-946BBE4FD56E}.Debug|Any CPU.ActiveCfg = Debug|Any CPU
		{AC6462AF-E738-43F0-B26F-946BBE4FD56E}.Debug|Any CPU.Build.0 = Debug|Any CPU
		{AC6462AF-E738-43F0-B26F-946BBE4FD56E}.Release|Any CPU.ActiveCfg = Release|Any CPU
		{AC6462AF-E738-43F0-B26F-946BBE4FD56E}.Release|Any CPU.Build.0 = Release|Any CPU
		{26CFD551-0906-4459-91A6-9D82FE871A06}.Debug|Any CPU.ActiveCfg = Debug|Any CPU
		{26CFD551-0906-4459-91A6-9D82FE871A06}.Debug|Any CPU.Build.0 = Debug|Any CPU
		{26CFD551-0906-4459-91A6-9D82FE871A06}.Release|Any CPU.ActiveCfg = Release|Any CPU
		{26CFD551-0906-4459-91A6-9D82FE871A06}.Release|Any CPU.Build.0 = Release|Any CPU
		{A4C1A906-2B15-47EE-9D21-F7C3E19FACEF}.Debug|Any CPU.ActiveCfg = Debug|Any CPU
		{A4C1A906-2B15-47EE-9D21-F7C3E19FACEF}.Debug|Any CPU.Build.0 = Debug|Any CPU
		{A4C1A906-2B15-47EE-9D21-F7C3E19FACEF}.Release|Any CPU.ActiveCfg = Release|Any CPU
		{A4C1A906-2B15-47EE-9D21-F7C3E19FACEF}.Release|Any CPU.Build.0 = Release|Any CPU
		{C770ED8F-6F5E-4DED-92C6-D5FE544DE764}.Debug|Any CPU.ActiveCfg = Debug|Any CPU
		{C770ED8F-6F5E-4DED-92C6-D5FE544DE764}.Debug|Any CPU.Build.0 = Debug|Any CPU
		{C770ED8F-6F5E-4DED-92C6-D5FE544DE764}.Release|Any CPU.ActiveCfg = Release|Any CPU
		{C770ED8F-6F5E-4DED-92C6-D5FE544DE764}.Release|Any CPU.Build.0 = Release|Any CPU
		{AF338929-9164-4251-903E-B5B0707CD291}.Debug|Any CPU.ActiveCfg = Debug|Any CPU
		{AF338929-9164-4251-903E-B5B0707CD291}.Debug|Any CPU.Build.0 = Debug|Any CPU
		{AF338929-9164-4251-903E-B5B0707CD291}.Release|Any CPU.ActiveCfg = Release|Any CPU
		{AF338929-9164-4251-903E-B5B0707CD291}.Release|Any CPU.Build.0 = Release|Any CPU
		{0FA4927D-36FA-4E38-9709-5573F8C6C810}.Debug|Any CPU.ActiveCfg = Debug|Any CPU
		{0FA4927D-36FA-4E38-9709-5573F8C6C810}.Debug|Any CPU.Build.0 = Debug|Any CPU
		{0FA4927D-36FA-4E38-9709-5573F8C6C810}.Release|Any CPU.ActiveCfg = Release|Any CPU
		{0FA4927D-36FA-4E38-9709-5573F8C6C810}.Release|Any CPU.Build.0 = Release|Any CPU
		{8802E08C-7AAA-4B5A-8AB1-F357B991A72F}.Debug|Any CPU.ActiveCfg = Debug|Any CPU
		{8802E08C-7AAA-4B5A-8AB1-F357B991A72F}.Debug|Any CPU.Build.0 = Debug|Any CPU
		{8802E08C-7AAA-4B5A-8AB1-F357B991A72F}.Release|Any CPU.ActiveCfg = Release|Any CPU
		{8802E08C-7AAA-4B5A-8AB1-F357B991A72F}.Release|Any CPU.Build.0 = Release|Any CPU
		{68C1D10A-D307-4527-BD82-51E15861B340}.Debug|Any CPU.ActiveCfg = Debug|Any CPU
		{68C1D10A-D307-4527-BD82-51E15861B340}.Debug|Any CPU.Build.0 = Debug|Any CPU
		{68C1D10A-D307-4527-BD82-51E15861B340}.Debug|Any CPU.Deploy.0 = Debug|Any CPU
		{68C1D10A-D307-4527-BD82-51E15861B340}.Release|Any CPU.ActiveCfg = Release|Any CPU
		{68C1D10A-D307-4527-BD82-51E15861B340}.Release|Any CPU.Build.0 = Release|Any CPU
		{68C1D10A-D307-4527-BD82-51E15861B340}.Release|Any CPU.Deploy.0 = Release|Any CPU
		{85DA7A5C-DD8F-4E42-8CA9-9EDD6E241229}.Debug|Any CPU.ActiveCfg = Debug|Any CPU
		{85DA7A5C-DD8F-4E42-8CA9-9EDD6E241229}.Debug|Any CPU.Build.0 = Debug|Any CPU
		{85DA7A5C-DD8F-4E42-8CA9-9EDD6E241229}.Debug|Any CPU.Deploy.0 = Debug|Any CPU
		{85DA7A5C-DD8F-4E42-8CA9-9EDD6E241229}.Release|Any CPU.ActiveCfg = Release|Any CPU
		{85DA7A5C-DD8F-4E42-8CA9-9EDD6E241229}.Release|Any CPU.Build.0 = Release|Any CPU
		{85DA7A5C-DD8F-4E42-8CA9-9EDD6E241229}.Release|Any CPU.Deploy.0 = Release|Any CPU
		{08EA2D24-A8C2-44F2-8117-95C912355BE4}.Debug|Any CPU.ActiveCfg = Debug|Any CPU
		{08EA2D24-A8C2-44F2-8117-95C912355BE4}.Debug|Any CPU.Build.0 = Debug|Any CPU
		{08EA2D24-A8C2-44F2-8117-95C912355BE4}.Debug|Any CPU.Deploy.0 = Debug|Any CPU
		{08EA2D24-A8C2-44F2-8117-95C912355BE4}.Release|Any CPU.ActiveCfg = Release|Any CPU
		{08EA2D24-A8C2-44F2-8117-95C912355BE4}.Release|Any CPU.Build.0 = Release|Any CPU
		{08EA2D24-A8C2-44F2-8117-95C912355BE4}.Release|Any CPU.Deploy.0 = Release|Any CPU
		{35FCCEE6-472B-4DF1-A932-18A96D7B30DE}.Debug|Any CPU.ActiveCfg = Debug|Any CPU
		{35FCCEE6-472B-4DF1-A932-18A96D7B30DE}.Debug|Any CPU.Build.0 = Debug|Any CPU
		{35FCCEE6-472B-4DF1-A932-18A96D7B30DE}.Debug|Any CPU.Deploy.0 = Debug|Any CPU
		{35FCCEE6-472B-4DF1-A932-18A96D7B30DE}.Release|Any CPU.ActiveCfg = Release|Any CPU
		{35FCCEE6-472B-4DF1-A932-18A96D7B30DE}.Release|Any CPU.Build.0 = Release|Any CPU
		{35FCCEE6-472B-4DF1-A932-18A96D7B30DE}.Release|Any CPU.Deploy.0 = Release|Any CPU
	EndGlobalSection
	GlobalSection(SolutionProperties) = preSolution
		HideSolutionNode = FALSE
	EndGlobalSection
EndGlobal
