
Microsoft Visual Studio Solution File, Format Version 12.00
# Visual Studio 14
VisualStudioVersion = 14.0.24720.0
MinimumVisualStudioVersion = 10.0.40219.1
Project("{FAE04EC0-301F-11D3-BF4B-00C04F79EFBC}") = "Task 1", "Module 1\Task 1\Task 1.csproj", "{3C618603-17B2-4617-AC68-366211448240}"
EndProject
Project("{FAE04EC0-301F-11D3-BF4B-00C04F79EFBC}") = "Task 1 ConsoleUI", "Module 1\Task 1 ConsoleUI\Task 1 ConsoleUI.csproj", "{11E6EBA5-43A5-4764-A818-192AFA5E5BCC}"
EndProject
Project("{FAE04EC0-301F-11D3-BF4B-00C04F79EFBC}") = "Task 1 UnitTests", "Module 1\Task 1 UnitTests\Task 1 UnitTests.csproj", "{8EDF4429-251A-416D-BB68-93F227191BCF}"
EndProject
Project("{FAE04EC0-301F-11D3-BF4B-00C04F79EFBC}") = "M2 Task 1 ConsoleUI", "Module 2\M2 Task 1 ConsoleUI\M2 Task 1 ConsoleUI.csproj", "{AC6462AF-E738-43F0-B26F-946BBE4FD56E}"
EndProject
Project("{FAE04EC0-301F-11D3-BF4B-00C04F79EFBC}") = "M2 Task 2", "Module 2\M2 Task 2\M2 Task 2.csproj", "{26CFD551-0906-4459-91A6-9D82FE871A06}"
EndProject
Project("{FAE04EC0-301F-11D3-BF4B-00C04F79EFBC}") = "M2 Task 2 UnitTests", "Module 2\M2 Task 2 UnitTests\M2 Task 2 UnitTests.csproj", "{A4C1A906-2B15-47EE-9D21-F7C3E19FACEF}"
EndProject
Project("{FAE04EC0-301F-11D3-BF4B-00C04F79EFBC}") = "M3 Task 1", "Module 3\M3 Task\M3 Task 1.csproj", "{C770ED8F-6F5E-4DED-92C6-D5FE544DE764}"
EndProject
Project("{FAE04EC0-301F-11D3-BF4B-00C04F79EFBC}") = "M4 Console UI", "Module 4\M4 Console UI\M4 Console UI.csproj", "{AF338929-9164-4251-903E-B5B0707CD291}"
EndProject
Global
	GlobalSection(SolutionConfigurationPlatforms) = preSolution
		Debug|Any CPU = Debug|Any CPU
		Release|Any CPU = Release|Any CPU
	EndGlobalSection
	GlobalSection(ProjectConfigurationPlatforms) = postSolution
		{3C618603-17B2-4617-AC68-366211448240}.Debug|Any CPU.ActiveCfg = Debug|Any CPU
		{3C618603-17B2-4617-AC68-366211448240}.Debug|Any CPU.Build.0 = Debug|Any CPU
		{3C618603-17B2-4617-AC68-366211448240}.Release|Any CPU.ActiveCfg = Release|Any CPU
		{3C618603-17B2-4617-AC68-366211448240}.Release|Any CPU.Build.0 = Release|Any CPU
		{11E6EBA5-43A5-4764-A818-192AFA5E5BCC}.Debug|Any CPU.ActiveCfg = Debug|Any CPU
		{11E6EBA5-43A5-4764-A818-192AFA5E5BCC}.Debug|Any CPU.Build.0 = Debug|Any CPU
		{11E6EBA5-43A5-4764-A818-192AFA5E5BCC}.Release|Any CPU.ActiveCfg = Release|Any CPU
		{11E6EBA5-43A5-4764-A818-192AFA5E5BCC}.Release|Any CPU.Build.0 = Release|Any CPU
		{8EDF4429-251A-416D-BB68-93F227191BCF}.Debug|Any CPU.ActiveCfg = Debug|Any CPU
		{8EDF4429-251A-416D-BB68-93F227191BCF}.Debug|Any CPU.Build.0 = Debug|Any CPU
		{8EDF4429-251A-416D-BB68-93F227191BCF}.Release|Any CPU.ActiveCfg = Release|Any CPU
		{8EDF4429-251A-416D-BB68-93F227191BCF}.Release|Any CPU.Build.0 = Release|Any CPU
		{AC6462AF-E738-43F0-B26F-946BBE4FD56E}.Debug|Any CPU.ActiveCfg = Debug|Any CPU
		{AC6462AF-E738-43F0-B26F-946BBE4FD56E}.Debug|Any CPU.Build.0 = Debug|Any CPU
		{AC6462AF-E738-43F0-B26F-946BBE4FD56E}.Release|Any CPU.ActiveCfg = Release|Any CPU
		{AC6462AF-E738-43F0-B26F-946BBE4FD56E}.Release|Any CPU.Build.0 = Release|Any CPU
		{26CFD551-0906-4459-91A6-9D82FE871A06}.Debug|Any CPU.ActiveCfg = Debug|Any CPU
		{26CFD551-0906-4459-91A6-9D82FE871A06}.Debug|Any CPU.Build.0 = Debug|Any CPU
		{26CFD551-0906-4459-91A6-9D82FE871A06}.Release|Any CPU.ActiveCfg = Release|Any CPU
		{26CFD551-0906-4459-91A6-9D82FE871A06}.Release|Any CPU.Build.0 = Release|Any CPU
		{A4C1A906-2B15-47EE-9D21-F7C3E19FACEF}.Debug|Any CPU.ActiveCfg = Debug|Any CPU
		{A4C1A906-2B15-47EE-9D21-F7C3E19FACEF}.Debug|Any CPU.Build.0 = Debug|Any CPU
		{A4C1A906-2B15-47EE-9D21-F7C3E19FACEF}.Release|Any CPU.ActiveCfg = Release|Any CPU
		{A4C1A906-2B15-47EE-9D21-F7C3E19FACEF}.Release|Any CPU.Build.0 = Release|Any CPU
		{C770ED8F-6F5E-4DED-92C6-D5FE544DE764}.Debug|Any CPU.ActiveCfg = Debug|Any CPU
		{C770ED8F-6F5E-4DED-92C6-D5FE544DE764}.Debug|Any CPU.Build.0 = Debug|Any CPU
		{C770ED8F-6F5E-4DED-92C6-D5FE544DE764}.Release|Any CPU.ActiveCfg = Release|Any CPU
		{C770ED8F-6F5E-4DED-92C6-D5FE544DE764}.Release|Any CPU.Build.0 = Release|Any CPU
		{AF338929-9164-4251-903E-B5B0707CD291}.Debug|Any CPU.ActiveCfg = Debug|Any CPU
		{AF338929-9164-4251-903E-B5B0707CD291}.Debug|Any CPU.Build.0 = Debug|Any CPU
		{AF338929-9164-4251-903E-B5B0707CD291}.Release|Any CPU.ActiveCfg = Release|Any CPU
		{AF338929-9164-4251-903E-B5B0707CD291}.Release|Any CPU.Build.0 = Release|Any CPU
	EndGlobalSection
	GlobalSection(SolutionProperties) = preSolution
		HideSolutionNode = FALSE
	EndGlobalSection
EndGlobal
